// !$*UTF8*$!
{
	archiveVersion = 1;
	classes = {
	};
	objectVersion = 46;
	objects = {

/* Begin PBXBuildFile section */
		DEEBE04A1B9892B600F18093 /* AppDelegate.swift in Sources */ = {isa = PBXBuildFile; fileRef = DEEBE0491B9892B600F18093 /* AppDelegate.swift */; };
		DEEBE04C1B9892B600F18093 /* ViewController.swift in Sources */ = {isa = PBXBuildFile; fileRef = DEEBE04B1B9892B600F18093 /* ViewController.swift */; };
		DEEBE04F1B9892B600F18093 /* Main.storyboard in Resources */ = {isa = PBXBuildFile; fileRef = DEEBE04D1B9892B600F18093 /* Main.storyboard */; };
		DEEBE0511B9892B600F18093 /* Images.xcassets in Resources */ = {isa = PBXBuildFile; fileRef = DEEBE0501B9892B600F18093 /* Images.xcassets */; };
		DEEBE0541B9892B600F18093 /* LaunchScreen.xib in Resources */ = {isa = PBXBuildFile; fileRef = DEEBE0521B9892B600F18093 /* LaunchScreen.xib */; };
		DEEBE0601B9892B600F18093 /* CBAppTests.swift in Sources */ = {isa = PBXBuildFile; fileRef = DEEBE05F1B9892B600F18093 /* CBAppTests.swift */; };
		DEEBE06A1B9894B000F18093 /* CBToolkit.framework in Frameworks */ = {isa = PBXBuildFile; fileRef = DEEBE0691B9894B000F18093 /* CBToolkit.framework */; };
		DEEBE06B1B9894B000F18093 /* CBToolkit.framework in Embed Frameworks */ = {isa = PBXBuildFile; fileRef = DEEBE0691B9894B000F18093 /* CBToolkit.framework */; settings = {ATTRIBUTES = (CodeSignOnCopy, RemoveHeadersOnCopy, ); }; };
/* End PBXBuildFile section */

/* Begin PBXContainerItemProxy section */
		DEEBE05A1B9892B600F18093 /* PBXContainerItemProxy */ = {
			isa = PBXContainerItemProxy;
			containerPortal = DEEBE03C1B9892B600F18093 /* Project object */;
			proxyType = 1;
			remoteGlobalIDString = DEEBE0431B9892B600F18093;
			remoteInfo = CBApp;
		};
/* End PBXContainerItemProxy section */

/* Begin PBXCopyFilesBuildPhase section */
		DEEBE06C1B9894B000F18093 /* Embed Frameworks */ = {
			isa = PBXCopyFilesBuildPhase;
			buildActionMask = 2147483647;
			dstPath = "";
			dstSubfolderSpec = 10;
			files = (
				DEEBE06B1B9894B000F18093 /* CBToolkit.framework in Embed Frameworks */,
			);
			name = "Embed Frameworks";
			runOnlyForDeploymentPostprocessing = 0;
		};
/* End PBXCopyFilesBuildPhase section */

/* Begin PBXFileReference section */
		DEEBE0441B9892B600F18093 /* CBApp.app */ = {isa = PBXFileReference; explicitFileType = wrapper.application; includeInIndex = 0; path = CBApp.app; sourceTree = BUILT_PRODUCTS_DIR; };
		DEEBE0481B9892B600F18093 /* Info.plist */ = {isa = PBXFileReference; lastKnownFileType = text.plist.xml; path = Info.plist; sourceTree = "<group>"; };
		DEEBE0491B9892B600F18093 /* AppDelegate.swift */ = {isa = PBXFileReference; lastKnownFileType = sourcecode.swift; path = AppDelegate.swift; sourceTree = "<group>"; };
		DEEBE04B1B9892B600F18093 /* ViewController.swift */ = {isa = PBXFileReference; lastKnownFileType = sourcecode.swift; path = ViewController.swift; sourceTree = "<group>"; };
		DEEBE04E1B9892B600F18093 /* Base */ = {isa = PBXFileReference; lastKnownFileType = file.storyboard; name = Base; path = Base.lproj/Main.storyboard; sourceTree = "<group>"; };
		DEEBE0501B9892B600F18093 /* Images.xcassets */ = {isa = PBXFileReference; lastKnownFileType = folder.assetcatalog; path = Images.xcassets; sourceTree = "<group>"; };
		DEEBE0531B9892B600F18093 /* Base */ = {isa = PBXFileReference; lastKnownFileType = file.xib; name = Base; path = Base.lproj/LaunchScreen.xib; sourceTree = "<group>"; };
		DEEBE0591B9892B600F18093 /* CBAppTests.xctest */ = {isa = PBXFileReference; explicitFileType = wrapper.cfbundle; includeInIndex = 0; path = CBAppTests.xctest; sourceTree = BUILT_PRODUCTS_DIR; };
		DEEBE05E1B9892B600F18093 /* Info.plist */ = {isa = PBXFileReference; lastKnownFileType = text.plist.xml; path = Info.plist; sourceTree = "<group>"; };
		DEEBE05F1B9892B600F18093 /* CBAppTests.swift */ = {isa = PBXFileReference; lastKnownFileType = sourcecode.swift; path = CBAppTests.swift; sourceTree = "<group>"; };
		DEEBE0691B9894B000F18093 /* CBToolkit.framework */ = {isa = PBXFileReference; explicitFileType = wrapper.framework; name = CBToolkit.framework; path = "/Users/Wes/Library/Developer/Xcode/DerivedData/CBApp-bmwlnkbuhfprbthftiawagqgaroj/Build/Products/Debug-iphoneos/CBToolkit.framework"; sourceTree = "<absolute>"; };
/* End PBXFileReference section */

/* Begin PBXFrameworksBuildPhase section */
		DEEBE0411B9892B600F18093 /* Frameworks */ = {
			isa = PBXFrameworksBuildPhase;
			buildActionMask = 2147483647;
			files = (
				DEEBE06A1B9894B000F18093 /* CBToolkit.framework in Frameworks */,
			);
			runOnlyForDeploymentPostprocessing = 0;
		};
		DEEBE0561B9892B600F18093 /* Frameworks */ = {
			isa = PBXFrameworksBuildPhase;
			buildActionMask = 2147483647;
			files = (
			);
			runOnlyForDeploymentPostprocessing = 0;
		};
/* End PBXFrameworksBuildPhase section */

/* Begin PBXGroup section */
		DEEBE03B1B9892B600F18093 = {
			isa = PBXGroup;
			children = (
				DEEBE0691B9894B000F18093 /* CBToolkit.framework */,
				DEEBE0461B9892B600F18093 /* CBApp */,
				DEEBE05C1B9892B600F18093 /* CBAppTests */,
				DEEBE0451B9892B600F18093 /* Products */,
			);
			sourceTree = "<group>";
		};
		DEEBE0451B9892B600F18093 /* Products */ = {
			isa = PBXGroup;
			children = (
				DEEBE0441B9892B600F18093 /* CBApp.app */,
				DEEBE0591B9892B600F18093 /* CBAppTests.xctest */,
			);
			name = Products;
			sourceTree = "<group>";
		};
		DEEBE0461B9892B600F18093 /* CBApp */ = {
			isa = PBXGroup;
			children = (
				DEEBE0491B9892B600F18093 /* AppDelegate.swift */,
				DEEBE04B1B9892B600F18093 /* ViewController.swift */,
				DEEBE04D1B9892B600F18093 /* Main.storyboard */,
				DEEBE0501B9892B600F18093 /* Images.xcassets */,
				DEEBE0521B9892B600F18093 /* LaunchScreen.xib */,
				DEEBE0471B9892B600F18093 /* Supporting Files */,
			);
			path = CBApp;
			sourceTree = "<group>";
		};
		DEEBE0471B9892B600F18093 /* Supporting Files */ = {
			isa = PBXGroup;
			children = (
				DEEBE0481B9892B600F18093 /* Info.plist */,
			);
			name = "Supporting Files";
			sourceTree = "<group>";
		};
		DEEBE05C1B9892B600F18093 /* CBAppTests */ = {
			isa = PBXGroup;
			children = (
				DEEBE05F1B9892B600F18093 /* CBAppTests.swift */,
				DEEBE05D1B9892B600F18093 /* Supporting Files */,
			);
			path = CBAppTests;
			sourceTree = "<group>";
		};
		DEEBE05D1B9892B600F18093 /* Supporting Files */ = {
			isa = PBXGroup;
			children = (
				DEEBE05E1B9892B600F18093 /* Info.plist */,
			);
			name = "Supporting Files";
			sourceTree = "<group>";
		};
/* End PBXGroup section */

/* Begin PBXNativeTarget section */
		DEEBE0431B9892B600F18093 /* CBApp */ = {
			isa = PBXNativeTarget;
			buildConfigurationList = DEEBE0631B9892B600F18093 /* Build configuration list for PBXNativeTarget "CBApp" */;
			buildPhases = (
				DEEBE0401B9892B600F18093 /* Sources */,
				DEEBE0411B9892B600F18093 /* Frameworks */,
				DEEBE0421B9892B600F18093 /* Resources */,
				DEEBE06C1B9894B000F18093 /* Embed Frameworks */,
			);
			buildRules = (
			);
			dependencies = (
			);
			name = CBApp;
			productName = CBApp;
			productReference = DEEBE0441B9892B600F18093 /* CBApp.app */;
			productType = "com.apple.product-type.application";
		};
		DEEBE0581B9892B600F18093 /* CBAppTests */ = {
			isa = PBXNativeTarget;
			buildConfigurationList = DEEBE0661B9892B600F18093 /* Build configuration list for PBXNativeTarget "CBAppTests" */;
			buildPhases = (
				DEEBE0551B9892B600F18093 /* Sources */,
				DEEBE0561B9892B600F18093 /* Frameworks */,
				DEEBE0571B9892B600F18093 /* Resources */,
			);
			buildRules = (
			);
			dependencies = (
				DEEBE05B1B9892B600F18093 /* PBXTargetDependency */,
			);
			name = CBAppTests;
			productName = CBAppTests;
			productReference = DEEBE0591B9892B600F18093 /* CBAppTests.xctest */;
			productType = "com.apple.product-type.bundle.unit-test";
		};
/* End PBXNativeTarget section */

/* Begin PBXProject section */
		DEEBE03C1B9892B600F18093 /* Project object */ = {
			isa = PBXProject;
			attributes = {
				LastUpgradeCheck = 0640;
				ORGANIZATIONNAME = Type2Designs;
				TargetAttributes = {
					DEEBE0431B9892B600F18093 = {
						CreatedOnToolsVersion = 6.4;
					};
					DEEBE0581B9892B600F18093 = {
						CreatedOnToolsVersion = 6.4;
						TestTargetID = DEEBE0431B9892B600F18093;
					};
				};
			};
			buildConfigurationList = DEEBE03F1B9892B600F18093 /* Build configuration list for PBXProject "CBApp" */;
			compatibilityVersion = "Xcode 3.2";
			developmentRegion = English;
			hasScannedForEncodings = 0;
			knownRegions = (
				en,
				Base,
			);
			mainGroup = DEEBE03B1B9892B600F18093;
			productRefGroup = DEEBE0451B9892B600F18093 /* Products */;
			projectDirPath = "";
			projectRoot = "";
			targets = (
				DEEBE0431B9892B600F18093 /* CBApp */,
				DEEBE0581B9892B600F18093 /* CBAppTests */,
			);
		};
/* End PBXProject section */

/* Begin PBXResourcesBuildPhase section */
		DEEBE0421B9892B600F18093 /* Resources */ = {
			isa = PBXResourcesBuildPhase;
			buildActionMask = 2147483647;
			files = (
				DEEBE04F1B9892B600F18093 /* Main.storyboard in Resources */,
				DEEBE0541B9892B600F18093 /* LaunchScreen.xib in Resources */,
				DEEBE0511B9892B600F18093 /* Images.xcassets in Resources */,
			);
			runOnlyForDeploymentPostprocessing = 0;
		};
		DEEBE0571B9892B600F18093 /* Resources */ = {
			isa = PBXResourcesBuildPhase;
			buildActionMask = 2147483647;
			files = (
			);
			runOnlyForDeploymentPostprocessing = 0;
		};
/* End PBXResourcesBuildPhase section */

/* Begin PBXSourcesBuildPhase section */
		DEEBE0401B9892B600F18093 /* Sources */ = {
			isa = PBXSourcesBuildPhase;
			buildActionMask = 2147483647;
			files = (
				DEEBE04C1B9892B600F18093 /* ViewController.swift in Sources */,
				DEEBE04A1B9892B600F18093 /* AppDelegate.swift in Sources */,
			);
			runOnlyForDeploymentPostprocessing = 0;
		};
		DEEBE0551B9892B600F18093 /* Sources */ = {
			isa = PBXSourcesBuildPhase;
			buildActionMask = 2147483647;
			files = (
				DEEBE0601B9892B600F18093 /* CBAppTests.swift in Sources */,
			);
			runOnlyForDeploymentPostprocessing = 0;
		};
/* End PBXSourcesBuildPhase section */

/* Begin PBXTargetDependency section */
		DEEBE05B1B9892B600F18093 /* PBXTargetDependency */ = {
			isa = PBXTargetDependency;
			target = DEEBE0431B9892B600F18093 /* CBApp */;
			targetProxy = DEEBE05A1B9892B600F18093 /* PBXContainerItemProxy */;
		};
/* End PBXTargetDependency section */

/* Begin PBXVariantGroup section */
		DEEBE04D1B9892B600F18093 /* Main.storyboard */ = {
			isa = PBXVariantGroup;
			children = (
				DEEBE04E1B9892B600F18093 /* Base */,
			);
			name = Main.storyboard;
			sourceTree = "<group>";
		};
		DEEBE0521B9892B600F18093 /* LaunchScreen.xib */ = {
			isa = PBXVariantGroup;
			children = (
				DEEBE0531B9892B600F18093 /* Base */,
			);
			name = LaunchScreen.xib;
			sourceTree = "<group>";
		};
/* End PBXVariantGroup section */

/* Begin XCBuildConfiguration section */
		DEEBE0611B9892B600F18093 /* Debug */ = {
			isa = XCBuildConfiguration;
			buildSettings = {
				ALWAYS_SEARCH_USER_PATHS = NO;
				CLANG_CXX_LANGUAGE_STANDARD = "gnu++0x";
				CLANG_CXX_LIBRARY = "libc++";
				CLANG_ENABLE_MODULES = YES;
				CLANG_ENABLE_OBJC_ARC = YES;
				CLANG_WARN_BOOL_CONVERSION = YES;
				CLANG_WARN_CONSTANT_CONVERSION = YES;
				CLANG_WARN_DIRECT_OBJC_ISA_USAGE = YES_ERROR;
				CLANG_WARN_EMPTY_BODY = YES;
				CLANG_WARN_ENUM_CONVERSION = YES;
				CLANG_WARN_INT_CONVERSION = YES;
				CLANG_WARN_OBJC_ROOT_CLASS = YES_ERROR;
				CLANG_WARN_UNREACHABLE_CODE = YES;
				CLANG_WARN__DUPLICATE_METHOD_MATCH = YES;
				"CODE_SIGN_IDENTITY[sdk=iphoneos*]" = "iPhone Developer";
				COPY_PHASE_STRIP = NO;
				DEBUG_INFORMATION_FORMAT = "dwarf-with-dsym";
				ENABLE_STRICT_OBJC_MSGSEND = YES;
				GCC_C_LANGUAGE_STANDARD = gnu99;
				GCC_DYNAMIC_NO_PIC = NO;
				GCC_NO_COMMON_BLOCKS = YES;
				GCC_OPTIMIZATION_LEVEL = 0;
				GCC_PREPROCESSOR_DEFINITIONS = (
					"DEBUG=1",
					"$(inherited)",
				);
				GCC_SYMBOLS_PRIVATE_EXTERN = NO;
				GCC_WARN_64_TO_32_BIT_CONVERSION = YES;
				GCC_WARN_ABOUT_RETURN_TYPE = YES_ERROR;
				GCC_WARN_UNDECLARED_SELECTOR = YES;
				GCC_WARN_UNINITIALIZED_AUTOS = YES_AGGRESSIVE;
				GCC_WARN_UNUSED_FUNCTION = YES;
				GCC_WARN_UNUSED_VARIABLE = YES;
				IPHONEOS_DEPLOYMENT_TARGET = 8.4;
				MTL_ENABLE_DEBUG_INFO = YES;
				ONLY_ACTIVE_ARCH = YES;
				SDKROOT = iphoneos;
				SWIFT_OPTIMIZATION_LEVEL = "-Onone";
				TARGETED_DEVICE_FAMILY = "1,2";
			};
			name = Debug;
		};
		DEEBE0621B9892B600F18093 /* Release */ = {
			isa = XCBuildConfiguration;
			buildSettings = {
				ALWAYS_SEARCH_USER_PATHS = NO;
				CLANG_CXX_LANGUAGE_STANDARD = "gnu++0x";
				CLANG_CXX_LIBRARY = "libc++";
				CLANG_ENABLE_MODULES = YES;
				CLANG_ENABLE_OBJC_ARC = YES;
				CLANG_WARN_BOOL_CONVERSION = YES;
				CLANG_WARN_CONSTANT_CONVERSION = YES;
				CLANG_WARN_DIRECT_OBJC_ISA_USAGE = YES_ERROR;
				CLANG_WARN_EMPTY_BODY = YES;
				CLANG_WARN_ENUM_CONVERSION = YES;
				CLANG_WARN_INT_CONVERSION = YES;
				CLANG_WARN_OBJC_ROOT_CLASS = YES_ERROR;
				CLANG_WARN_UNREACHABLE_CODE = YES;
				CLANG_WARN__DUPLICATE_METHOD_MATCH = YES;
				"CODE_SIGN_IDENTITY[sdk=iphoneos*]" = "iPhone Developer";
				COPY_PHASE_STRIP = NO;
				DEBUG_INFORMATION_FORMAT = "dwarf-with-dsym";
				ENABLE_NS_ASSERTIONS = NO;
				ENABLE_STRICT_OBJC_MSGSEND = YES;
				GCC_C_LANGUAGE_STANDARD = gnu99;
				GCC_NO_COMMON_BLOCKS = YES;
				GCC_WARN_64_TO_32_BIT_CONVERSION = YES;
				GCC_WARN_ABOUT_RETURN_TYPE = YES_ERROR;
				GCC_WARN_UNDECLARED_SELECTOR = YES;
				GCC_WARN_UNINITIALIZED_AUTOS = YES_AGGRESSIVE;
				GCC_WARN_UNUSED_FUNCTION = YES;
				GCC_WARN_UNUSED_VARIABLE = YES;
				IPHONEOS_DEPLOYMENT_TARGET = 8.4;
				MTL_ENABLE_DEBUG_INFO = NO;
				SDKROOT = iphoneos;
				TARGETED_DEVICE_FAMILY = "1,2";
				VALIDATE_PRODUCT = YES;
			};
			name = Release;
		};
		DEEBE0641B9892B600F18093 /* Debug */ = {
			isa = XCBuildConfiguration;
			buildSettings = {
				ASSETCATALOG_COMPILER_APPICON_NAME = AppIcon;
				FRAMEWORK_SEARCH_PATHS = (
					"$(inherited)",
					"$(USER_LIBRARY_DIR)/Developer/Xcode/DerivedData/CBApp-bmwlnkbuhfprbthftiawagqgaroj/Build/Products/Debug-iphoneos",
				);
				INFOPLIST_FILE = CBApp/Info.plist;
				LD_RUNPATH_SEARCH_PATHS = "$(inherited) @executable_path/Frameworks";
				PRODUCT_NAME = "$(TARGET_NAME)";
			};
			name = Debug;
		};
		DEEBE0651B9892B600F18093 /* Release */ = {
			isa = XCBuildConfiguration;
			buildSettings = {
				ASSETCATALOG_COMPILER_APPICON_NAME = AppIcon;
				FRAMEWORK_SEARCH_PATHS = (
					"$(inherited)",
					"$(USER_LIBRARY_DIR)/Developer/Xcode/DerivedData/CBApp-bmwlnkbuhfprbthftiawagqgaroj/Build/Products/Debug-iphoneos",
				);
				INFOPLIST_FILE = CBApp/Info.plist;
				LD_RUNPATH_SEARCH_PATHS = "$(inherited) @executable_path/Frameworks";
				PRODUCT_NAME = "$(TARGET_NAME)";
			};
			name = Release;
		};
		DEEBE0671B9892B600F18093 /* Debug */ = {
			isa = XCBuildConfiguration;
			buildSettings = {
				BUNDLE_LOADER = "$(TEST_HOST)";
				FRAMEWORK_SEARCH_PATHS = (
					"$(SDKROOT)/Developer/Library/Frameworks",
					"$(inherited)",
				);
				GCC_PREPROCESSOR_DEFINITIONS = (
					"DEBUG=1",
					"$(inherited)",
				);
				INFOPLIST_FILE = CBAppTests/Info.plist;
				LD_RUNPATH_SEARCH_PATHS = "$(inherited) @executable_path/Frameworks @loader_path/Frameworks";
				PRODUCT_NAME = "$(TARGET_NAME)";
				TEST_HOST = "$(BUILT_PRODUCTS_DIR)/CBApp.app/CBApp";
			};
			name = Debug;
		};
		DEEBE0681B9892B600F18093 /* Release */ = {
			isa = XCBuildConfiguration;
			buildSettings = {
				BUNDLE_LOADER = "$(TEST_HOST)";
				FRAMEWORK_SEARCH_PATHS = (
					"$(SDKROOT)/Developer/Library/Frameworks",
					"$(inherited)",
				);
				INFOPLIST_FILE = CBAppTests/Info.plist;
				LD_RUNPATH_SEARCH_PATHS = "$(inherited) @executable_path/Frameworks @loader_path/Frameworks";
				PRODUCT_NAME = "$(TARGET_NAME)";
				TEST_HOST = "$(BUILT_PRODUCTS_DIR)/CBApp.app/CBApp";
			};
			name = Release;
		};
/* End XCBuildConfiguration section */

/* Begin XCConfigurationList section */
		DEEBE03F1B9892B600F18093 /* Build configuration list for PBXProject "CBApp" */ = {
			isa = XCConfigurationList;
			buildConfigurations = (
				DEEBE0611B9892B600F18093 /* Debug */,
				DEEBE0621B9892B600F18093 /* Release */,
			);
			defaultConfigurationIsVisible = 0;
			defaultConfigurationName = Release;
		};
		DEEBE0631B9892B600F18093 /* Build configuration list for PBXNativeTarget "CBApp" */ = {
			isa = XCConfigurationList;
			buildConfigurations = (
				DEEBE0641B9892B600F18093 /* Debug */,
				DEEBE0651B9892B600F18093 /* Release */,
			);
			defaultConfigurationIsVisible = 0;
			defaultConfigurationName = Release;
		};
		DEEBE0661B9892B600F18093 /* Build configuration list for PBXNativeTarget "CBAppTests" */ = {
			isa = XCConfigurationList;
			buildConfigurations = (
				DEEBE0671B9892B600F18093 /* Debug */,
				DEEBE0681B9892B600F18093 /* Release */,
			);
			defaultConfigurationIsVisible = 0;
			defaultConfigurationName = Release;
		};
/* End XCConfigurationList section */
	};
	rootObject = DEEBE03C1B9892B600F18093 /* Project object */;
}
