// !$*UTF8*$!
{
	archiveVersion = 1;
	classes = {
	};
	objectVersion = 46;
	objects = {

/* Begin PBXBuildFile section */
		1C170C0F1A2EE5C700E8C8C2 /* CBProgressView.swift in Sources */ = {isa = PBXBuildFile; fileRef = 1C170C0E1A2EE5C700E8C8C2 /* CBProgressView.swift */; };
		1C5B79BB1A1F9A5200C73EAB /* AppDelegate.swift in Sources */ = {isa = PBXBuildFile; fileRef = 1C5B79BA1A1F9A5200C73EAB /* AppDelegate.swift */; };
		1C5B79BD1A1F9A5200C73EAB /* TestController.swift in Sources */ = {isa = PBXBuildFile; fileRef = 1C5B79BC1A1F9A5200C73EAB /* TestController.swift */; };
		1C5B79C01A1F9A5200C73EAB /* Main.storyboard in Resources */ = {isa = PBXBuildFile; fileRef = 1C5B79BE1A1F9A5200C73EAB /* Main.storyboard */; };
		1C5B79C21A1F9A5200C73EAB /* Images.xcassets in Resources */ = {isa = PBXBuildFile; fileRef = 1C5B79C11A1F9A5200C73EAB /* Images.xcassets */; };
		1C5B79C51A1F9A5200C73EAB /* LaunchScreen.xib in Resources */ = {isa = PBXBuildFile; fileRef = 1C5B79C31A1F9A5200C73EAB /* LaunchScreen.xib */; };
		1C5B79D11A1F9A5200C73EAB /* iOSUtilsTests.swift in Sources */ = {isa = PBXBuildFile; fileRef = 1C5B79D01A1F9A5200C73EAB /* iOSUtilsTests.swift */; };
		1C5B79DB1A1F9A7600C73EAB /* CBButton.swift in Sources */ = {isa = PBXBuildFile; fileRef = 1C5B79DA1A1F9A7600C73EAB /* CBButton.swift */; };
		1C69A8E71A2B8AD000F0144E /* CBTextViews.swift in Sources */ = {isa = PBXBuildFile; fileRef = 1C69A8E61A2B8AD000F0144E /* CBTextViews.swift */; };
		1CE2AAB21A2E399F0003BAFD /* CBViews.swift in Sources */ = {isa = PBXBuildFile; fileRef = 1CE2AAB11A2E399F0003BAFD /* CBViews.swift */; };
/* End PBXBuildFile section */

/* Begin PBXContainerItemProxy section */
		1C5B79CB1A1F9A5200C73EAB /* PBXContainerItemProxy */ = {
			isa = PBXContainerItemProxy;
			containerPortal = 1C5B79AD1A1F9A5200C73EAB /* Project object */;
			proxyType = 1;
			remoteGlobalIDString = 1C5B79B41A1F9A5200C73EAB;
			remoteInfo = iOSUtils;
		};
/* End PBXContainerItemProxy section */

/* Begin PBXFileReference section */
		1C170C0E1A2EE5C700E8C8C2 /* CBProgressView.swift */ = {isa = PBXFileReference; fileEncoding = 4; lastKnownFileType = sourcecode.swift; path = CBProgressView.swift; sourceTree = "<group>"; };
		1C5B79B51A1F9A5200C73EAB /* CBToolkit.app */ = {isa = PBXFileReference; explicitFileType = wrapper.application; includeInIndex = 0; path = CBToolkit.app; sourceTree = BUILT_PRODUCTS_DIR; };
		1C5B79B91A1F9A5200C73EAB /* Info.plist */ = {isa = PBXFileReference; lastKnownFileType = text.plist.xml; path = Info.plist; sourceTree = "<group>"; };
		1C5B79BA1A1F9A5200C73EAB /* AppDelegate.swift */ = {isa = PBXFileReference; lastKnownFileType = sourcecode.swift; path = AppDelegate.swift; sourceTree = "<group>"; };
		1C5B79BC1A1F9A5200C73EAB /* TestController.swift */ = {isa = PBXFileReference; lastKnownFileType = sourcecode.swift; path = TestController.swift; sourceTree = "<group>"; };
		1C5B79BF1A1F9A5200C73EAB /* Base */ = {isa = PBXFileReference; lastKnownFileType = file.storyboard; name = Base; path = Base.lproj/Main.storyboard; sourceTree = "<group>"; };
		1C5B79C11A1F9A5200C73EAB /* Images.xcassets */ = {isa = PBXFileReference; lastKnownFileType = folder.assetcatalog; path = Images.xcassets; sourceTree = "<group>"; };
		1C5B79C41A1F9A5200C73EAB /* Base */ = {isa = PBXFileReference; lastKnownFileType = file.xib; name = Base; path = Base.lproj/LaunchScreen.xib; sourceTree = "<group>"; };
		1C5B79CA1A1F9A5200C73EAB /* CBToolkitTests.xctest */ = {isa = PBXFileReference; explicitFileType = wrapper.cfbundle; includeInIndex = 0; path = CBToolkitTests.xctest; sourceTree = BUILT_PRODUCTS_DIR; };
		1C5B79CF1A1F9A5200C73EAB /* Info.plist */ = {isa = PBXFileReference; lastKnownFileType = text.plist.xml; path = Info.plist; sourceTree = "<group>"; };
		1C5B79D01A1F9A5200C73EAB /* iOSUtilsTests.swift */ = {isa = PBXFileReference; lastKnownFileType = sourcecode.swift; path = iOSUtilsTests.swift; sourceTree = "<group>"; };
		1C5B79DA1A1F9A7600C73EAB /* CBButton.swift */ = {isa = PBXFileReference; fileEncoding = 4; lastKnownFileType = sourcecode.swift; path = CBButton.swift; sourceTree = "<group>"; };
		1C69A8E61A2B8AD000F0144E /* CBTextViews.swift */ = {isa = PBXFileReference; fileEncoding = 4; lastKnownFileType = sourcecode.swift; path = CBTextViews.swift; sourceTree = "<group>"; };
		1CE2AAB11A2E399F0003BAFD /* CBViews.swift */ = {isa = PBXFileReference; fileEncoding = 4; lastKnownFileType = sourcecode.swift; path = CBViews.swift; sourceTree = "<group>"; };
/* End PBXFileReference section */

/* Begin PBXFrameworksBuildPhase section */
		1C5B79B21A1F9A5200C73EAB /* Frameworks */ = {
			isa = PBXFrameworksBuildPhase;
			buildActionMask = 2147483647;
			files = (
			);
			runOnlyForDeploymentPostprocessing = 0;
		};
		1C5B79C71A1F9A5200C73EAB /* Frameworks */ = {
			isa = PBXFrameworksBuildPhase;
			buildActionMask = 2147483647;
			files = (
			);
			runOnlyForDeploymentPostprocessing = 0;
		};
/* End PBXFrameworksBuildPhase section */

/* Begin PBXGroup section */
		1C5B79AC1A1F9A5200C73EAB = {
			isa = PBXGroup;
			children = (
				1C5B79B71A1F9A5200C73EAB /* CBToolkit */,
				1C5B79CD1A1F9A5200C73EAB /* iOSUtilsTests */,
				1C5B79B61A1F9A5200C73EAB /* Products */,
			);
			sourceTree = "<group>";
		};
		1C5B79B61A1F9A5200C73EAB /* Products */ = {
			isa = PBXGroup;
			children = (
				1C5B79B51A1F9A5200C73EAB /* CBToolkit.app */,
				1C5B79CA1A1F9A5200C73EAB /* CBToolkitTests.xctest */,
			);
			name = Products;
			sourceTree = "<group>";
		};
		1C5B79B71A1F9A5200C73EAB /* CBToolkit */ = {
			isa = PBXGroup;
			children = (
				1C61B4741A2F6B8100CF5480 /* Test */,
				1C5B79DA1A1F9A7600C73EAB /* CBButton.swift */,
				1C69A8E61A2B8AD000F0144E /* CBTextViews.swift */,
				1CE2AAB11A2E399F0003BAFD /* CBViews.swift */,
				1C170C0E1A2EE5C700E8C8C2 /* CBProgressView.swift */,
				1C5B79C11A1F9A5200C73EAB /* Images.xcassets */,
				1C5B79B81A1F9A5200C73EAB /* Supporting Files */,
			);
			name = CBToolkit;
			path = iOSUtils;
			sourceTree = "<group>";
		};
		1C5B79B81A1F9A5200C73EAB /* Supporting Files */ = {
			isa = PBXGroup;
			children = (
				1C5B79B91A1F9A5200C73EAB /* Info.plist */,
			);
			name = "Supporting Files";
			sourceTree = "<group>";
		};
		1C5B79CD1A1F9A5200C73EAB /* iOSUtilsTests */ = {
			isa = PBXGroup;
			children = (
				1C5B79D01A1F9A5200C73EAB /* iOSUtilsTests.swift */,
				1C5B79CE1A1F9A5200C73EAB /* Supporting Files */,
			);
			path = iOSUtilsTests;
			sourceTree = "<group>";
		};
		1C5B79CE1A1F9A5200C73EAB /* Supporting Files */ = {
			isa = PBXGroup;
			children = (
				1C5B79CF1A1F9A5200C73EAB /* Info.plist */,
			);
			name = "Supporting Files";
			sourceTree = "<group>";
		};
		1C61B4741A2F6B8100CF5480 /* Test */ = {
			isa = PBXGroup;
			children = (
				1C5B79C31A1F9A5200C73EAB /* LaunchScreen.xib */,
				1C5B79BA1A1F9A5200C73EAB /* AppDelegate.swift */,
				1C5B79BC1A1F9A5200C73EAB /* TestController.swift */,
				1C5B79BE1A1F9A5200C73EAB /* Main.storyboard */,
			);
			name = Test;
			sourceTree = "<group>";
		};
/* End PBXGroup section */

/* Begin PBXNativeTarget section */
		1C5B79B41A1F9A5200C73EAB /* CBToolkit */ = {
			isa = PBXNativeTarget;
			buildConfigurationList = 1C5B79D41A1F9A5200C73EAB /* Build configuration list for PBXNativeTarget "CBToolkit" */;
			buildPhases = (
				1C5B79B11A1F9A5200C73EAB /* Sources */,
				1C5B79B21A1F9A5200C73EAB /* Frameworks */,
				1C5B79B31A1F9A5200C73EAB /* Resources */,
			);
			buildRules = (
			);
			dependencies = (
			);
			name = CBToolkit;
			productName = iOSUtils;
			productReference = 1C5B79B51A1F9A5200C73EAB /* CBToolkit.app */;
			productType = "com.apple.product-type.application";
		};
		1C5B79C91A1F9A5200C73EAB /* CBToolkitTests */ = {
			isa = PBXNativeTarget;
			buildConfigurationList = 1C5B79D71A1F9A5200C73EAB /* Build configuration list for PBXNativeTarget "CBToolkitTests" */;
			buildPhases = (
				1C5B79C61A1F9A5200C73EAB /* Sources */,
				1C5B79C71A1F9A5200C73EAB /* Frameworks */,
				1C5B79C81A1F9A5200C73EAB /* Resources */,
			);
			buildRules = (
			);
			dependencies = (
				1C5B79CC1A1F9A5200C73EAB /* PBXTargetDependency */,
			);
			name = CBToolkitTests;
			productName = iOSUtilsTests;
			productReference = 1C5B79CA1A1F9A5200C73EAB /* CBToolkitTests.xctest */;
			productType = "com.apple.product-type.bundle.unit-test";
		};
/* End PBXNativeTarget section */

/* Begin PBXProject section */
		1C5B79AD1A1F9A5200C73EAB /* Project object */ = {
			isa = PBXProject;
			attributes = {
				LastUpgradeCheck = 0610;
				ORGANIZATIONNAME = WCBMedia;
				TargetAttributes = {
					1C5B79B41A1F9A5200C73EAB = {
						CreatedOnToolsVersion = 6.1;
					};
					1C5B79C91A1F9A5200C73EAB = {
						CreatedOnToolsVersion = 6.1;
						TestTargetID = 1C5B79B41A1F9A5200C73EAB;
					};
				};
			};
			buildConfigurationList = 1C5B79B01A1F9A5200C73EAB /* Build configuration list for PBXProject "CBToolkit" */;
			compatibilityVersion = "Xcode 3.2";
			developmentRegion = English;
			hasScannedForEncodings = 0;
			knownRegions = (
				en,
				Base,
			);
			mainGroup = 1C5B79AC1A1F9A5200C73EAB;
			productRefGroup = 1C5B79B61A1F9A5200C73EAB /* Products */;
			projectDirPath = "";
			projectRoot = "";
			targets = (
				1C5B79B41A1F9A5200C73EAB /* CBToolkit */,
				1C5B79C91A1F9A5200C73EAB /* CBToolkitTests */,
			);
		};
/* End PBXProject section */

/* Begin PBXResourcesBuildPhase section */
		1C5B79B31A1F9A5200C73EAB /* Resources */ = {
			isa = PBXResourcesBuildPhase;
			buildActionMask = 2147483647;
			files = (
				1C5B79C01A1F9A5200C73EAB /* Main.storyboard in Resources */,
				1C5B79C51A1F9A5200C73EAB /* LaunchScreen.xib in Resources */,
				1C5B79C21A1F9A5200C73EAB /* Images.xcassets in Resources */,
			);
			runOnlyForDeploymentPostprocessing = 0;
		};
		1C5B79C81A1F9A5200C73EAB /* Resources */ = {
			isa = PBXResourcesBuildPhase;
			buildActionMask = 2147483647;
			files = (
			);
			runOnlyForDeploymentPostprocessing = 0;
		};
/* End PBXResourcesBuildPhase section */

/* Begin PBXSourcesBuildPhase section */
		1C5B79B11A1F9A5200C73EAB /* Sources */ = {
			isa = PBXSourcesBuildPhase;
			buildActionMask = 2147483647;
			files = (
				1C170C0F1A2EE5C700E8C8C2 /* CBProgressView.swift in Sources */,
				1CE2AAB21A2E399F0003BAFD /* CBViews.swift in Sources */,
				1C69A8E71A2B8AD000F0144E /* CBTextViews.swift in Sources */,
				1C5B79DB1A1F9A7600C73EAB /* CBButton.swift in Sources */,
				1C5B79BD1A1F9A5200C73EAB /* TestController.swift in Sources */,
				1C5B79BB1A1F9A5200C73EAB /* AppDelegate.swift in Sources */,
			);
			runOnlyForDeploymentPostprocessing = 0;
		};
		1C5B79C61A1F9A5200C73EAB /* Sources */ = {
			isa = PBXSourcesBuildPhase;
			buildActionMask = 2147483647;
			files = (
				1C5B79D11A1F9A5200C73EAB /* iOSUtilsTests.swift in Sources */,
			);
			runOnlyForDeploymentPostprocessing = 0;
		};
/* End PBXSourcesBuildPhase section */

/* Begin PBXTargetDependency section */
		1C5B79CC1A1F9A5200C73EAB /* PBXTargetDependency */ = {
			isa = PBXTargetDependency;
			target = 1C5B79B41A1F9A5200C73EAB /* CBToolkit */;
			targetProxy = 1C5B79CB1A1F9A5200C73EAB /* PBXContainerItemProxy */;
		};
/* End PBXTargetDependency section */

/* Begin PBXVariantGroup section */
		1C5B79BE1A1F9A5200C73EAB /* Main.storyboard */ = {
			isa = PBXVariantGroup;
			children = (
				1C5B79BF1A1F9A5200C73EAB /* Base */,
			);
			name = Main.storyboard;
			sourceTree = "<group>";
		};
		1C5B79C31A1F9A5200C73EAB /* LaunchScreen.xib */ = {
			isa = PBXVariantGroup;
			children = (
				1C5B79C41A1F9A5200C73EAB /* Base */,
			);
			name = LaunchScreen.xib;
			sourceTree = "<group>";
		};
/* End PBXVariantGroup section */

/* Begin XCBuildConfiguration section */
		1C5B79D21A1F9A5200C73EAB /* Debug */ = {
			isa = XCBuildConfiguration;
			buildSettings = {
				ALWAYS_SEARCH_USER_PATHS = NO;
				CLANG_CXX_LANGUAGE_STANDARD = "gnu++0x";
				CLANG_CXX_LIBRARY = "libc++";
				CLANG_ENABLE_MODULES = YES;
				CLANG_ENABLE_OBJC_ARC = YES;
				CLANG_WARN_BOOL_CONVERSION = YES;
				CLANG_WARN_CONSTANT_CONVERSION = YES;
				CLANG_WARN_DIRECT_OBJC_ISA_USAGE = YES_ERROR;
				CLANG_WARN_EMPTY_BODY = YES;
				CLANG_WARN_ENUM_CONVERSION = YES;
				CLANG_WARN_INT_CONVERSION = YES;
				CLANG_WARN_OBJC_ROOT_CLASS = YES_ERROR;
				CLANG_WARN_UNREACHABLE_CODE = YES;
				CLANG_WARN__DUPLICATE_METHOD_MATCH = YES;
				"CODE_SIGN_IDENTITY[sdk=iphoneos*]" = "iPhone Developer";
				COPY_PHASE_STRIP = NO;
				ENABLE_STRICT_OBJC_MSGSEND = YES;
				GCC_C_LANGUAGE_STANDARD = gnu99;
				GCC_DYNAMIC_NO_PIC = NO;
				GCC_OPTIMIZATION_LEVEL = 0;
				GCC_PREPROCESSOR_DEFINITIONS = (
					"DEBUG=1",
					"$(inherited)",
				);
				GCC_SYMBOLS_PRIVATE_EXTERN = NO;
				GCC_WARN_64_TO_32_BIT_CONVERSION = YES;
				GCC_WARN_ABOUT_RETURN_TYPE = YES_ERROR;
				GCC_WARN_UNDECLARED_SELECTOR = YES;
				GCC_WARN_UNINITIALIZED_AUTOS = YES_AGGRESSIVE;
				GCC_WARN_UNUSED_FUNCTION = YES;
				GCC_WARN_UNUSED_VARIABLE = YES;
				IPHONEOS_DEPLOYMENT_TARGET = 8.1;
				MTL_ENABLE_DEBUG_INFO = YES;
				ONLY_ACTIVE_ARCH = YES;
				SDKROOT = iphoneos;
				SWIFT_OPTIMIZATION_LEVEL = "-Onone";
				TARGETED_DEVICE_FAMILY = "1,2";
			};
			name = Debug;
		};
		1C5B79D31A1F9A5200C73EAB /* Release */ = {
			isa = XCBuildConfiguration;
			buildSettings = {
				ALWAYS_SEARCH_USER_PATHS = NO;
				CLANG_CXX_LANGUAGE_STANDARD = "gnu++0x";
				CLANG_CXX_LIBRARY = "libc++";
				CLANG_ENABLE_MODULES = YES;
				CLANG_ENABLE_OBJC_ARC = YES;
				CLANG_WARN_BOOL_CONVERSION = YES;
				CLANG_WARN_CONSTANT_CONVERSION = YES;
				CLANG_WARN_DIRECT_OBJC_ISA_USAGE = YES_ERROR;
				CLANG_WARN_EMPTY_BODY = YES;
				CLANG_WARN_ENUM_CONVERSION = YES;
				CLANG_WARN_INT_CONVERSION = YES;
				CLANG_WARN_OBJC_ROOT_CLASS = YES_ERROR;
				CLANG_WARN_UNREACHABLE_CODE = YES;
				CLANG_WARN__DUPLICATE_METHOD_MATCH = YES;
				"CODE_SIGN_IDENTITY[sdk=iphoneos*]" = "iPhone Developer";
				COPY_PHASE_STRIP = YES;
				ENABLE_NS_ASSERTIONS = NO;
				ENABLE_STRICT_OBJC_MSGSEND = YES;
				GCC_C_LANGUAGE_STANDARD = gnu99;
				GCC_WARN_64_TO_32_BIT_CONVERSION = YES;
				GCC_WARN_ABOUT_RETURN_TYPE = YES_ERROR;
				GCC_WARN_UNDECLARED_SELECTOR = YES;
				GCC_WARN_UNINITIALIZED_AUTOS = YES_AGGRESSIVE;
				GCC_WARN_UNUSED_FUNCTION = YES;
				GCC_WARN_UNUSED_VARIABLE = YES;
				IPHONEOS_DEPLOYMENT_TARGET = 8.1;
				MTL_ENABLE_DEBUG_INFO = NO;
				SDKROOT = iphoneos;
				TARGETED_DEVICE_FAMILY = "1,2";
				VALIDATE_PRODUCT = YES;
			};
			name = Release;
		};
		1C5B79D51A1F9A5200C73EAB /* Debug */ = {
			isa = XCBuildConfiguration;
			buildSettings = {
				ASSETCATALOG_COMPILER_APPICON_NAME = AppIcon;
				INFOPLIST_FILE = iOSUtils/Info.plist;
				LD_RUNPATH_SEARCH_PATHS = "$(inherited) @executable_path/Frameworks";
				PRODUCT_NAME = CBToolkit;
			};
			name = Debug;
		};
		1C5B79D61A1F9A5200C73EAB /* Release */ = {
			isa = XCBuildConfiguration;
			buildSettings = {
				ASSETCATALOG_COMPILER_APPICON_NAME = AppIcon;
				INFOPLIST_FILE = iOSUtils/Info.plist;
				LD_RUNPATH_SEARCH_PATHS = "$(inherited) @executable_path/Frameworks";
				PRODUCT_NAME = CBToolkit;
			};
			name = Release;
		};
		1C5B79D81A1F9A5200C73EAB /* Debug */ = {
			isa = XCBuildConfiguration;
			buildSettings = {
				BUNDLE_LOADER = "$(TEST_HOST)";
				FRAMEWORK_SEARCH_PATHS = (
					"$(SDKROOT)/Developer/Library/Frameworks",
					"$(inherited)",
				);
				GCC_PREPROCESSOR_DEFINITIONS = (
					"DEBUG=1",
					"$(inherited)",
				);
				INFOPLIST_FILE = iOSUtilsTests/Info.plist;
				LD_RUNPATH_SEARCH_PATHS = "$(inherited) @executable_path/Frameworks @loader_path/Frameworks";
				PRODUCT_NAME = CBToolkitTests;
				TEST_HOST = "$(BUILT_PRODUCTS_DIR)/iOSUtils.app/iOSUtils";
			};
			name = Debug;
		};
		1C5B79D91A1F9A5200C73EAB /* Release */ = {
			isa = XCBuildConfiguration;
			buildSettings = {
				BUNDLE_LOADER = "$(TEST_HOST)";
				FRAMEWORK_SEARCH_PATHS = (
					"$(SDKROOT)/Developer/Library/Frameworks",
					"$(inherited)",
				);
				INFOPLIST_FILE = iOSUtilsTests/Info.plist;
				LD_RUNPATH_SEARCH_PATHS = "$(inherited) @executable_path/Frameworks @loader_path/Frameworks";
				PRODUCT_NAME = CBToolkitTests;
				TEST_HOST = "$(BUILT_PRODUCTS_DIR)/iOSUtils.app/iOSUtils";
			};
			name = Release;
		};
/* End XCBuildConfiguration section */

/* Begin XCConfigurationList section */
		1C5B79B01A1F9A5200C73EAB /* Build configuration list for PBXProject "CBToolkit" */ = {
			isa = XCConfigurationList;
			buildConfigurations = (
				1C5B79D21A1F9A5200C73EAB /* Debug */,
				1C5B79D31A1F9A5200C73EAB /* Release */,
			);
			defaultConfigurationIsVisible = 0;
			defaultConfigurationName = Release;
		};
		1C5B79D41A1F9A5200C73EAB /* Build configuration list for PBXNativeTarget "CBToolkit" */ = {
			isa = XCConfigurationList;
			buildConfigurations = (
				1C5B79D51A1F9A5200C73EAB /* Debug */,
				1C5B79D61A1F9A5200C73EAB /* Release */,
			);
			defaultConfigurationIsVisible = 0;
			defaultConfigurationName = Release;
		};
		1C5B79D71A1F9A5200C73EAB /* Build configuration list for PBXNativeTarget "CBToolkitTests" */ = {
			isa = XCConfigurationList;
			buildConfigurations = (
				1C5B79D81A1F9A5200C73EAB /* Debug */,
				1C5B79D91A1F9A5200C73EAB /* Release */,
			);
			defaultConfigurationIsVisible = 0;
			defaultConfigurationName = Release;
		};
/* End XCConfigurationList section */
	};
	rootObject = 1C5B79AD1A1F9A5200C73EAB /* Project object */;
}
